
Microsoft Visual Studio Solution File, Format Version 12.00
# Visual Studio Version 16
VisualStudioVersion = 16.0.30406.217
MinimumVisualStudioVersion = 10.0.40219.1
Project("{FAE04EC0-301F-11D3-BF4B-00C04F79EFBC}") = "InitApps", "InitApps\InitApps.csproj", "{3C67A242-6707-4845-B78F-031663E86E46}"
EndProject
Global
	GlobalSection(SolutionConfigurationPlatforms) = preSolution
		Debug|Any CPU = Debug|Any CPU
		Release|Any CPU = Release|Any CPU
	EndGlobalSection
	GlobalSection(ProjectConfigurationPlatforms) = postSolution
		{3C67A242-6707-4845-B78F-031663E86E46}.Debug|Any CPU.ActiveCfg = Debug|Any CPU
		{3C67A242-6707-4845-B78F-031663E86E46}.Debug|Any CPU.Build.0 = Debug|Any CPU
		{3C67A242-6707-4845-B78F-031663E86E46}.Release|Any CPU.ActiveCfg = Release|Any CPU
		{3C67A242-6707-4845-B78F-031663E86E46}.Release|Any CPU.Build.0 = Release|Any CPU
	EndGlobalSection
	GlobalSection(SolutionProperties) = preSolution
		HideSolutionNode = FALSE
	EndGlobalSection
	GlobalSection(ExtensibilityGlobals) = postSolution
		SolutionGuid = {972DF2DE-BF5A-4513-B05C-F0F656FEBF05}
	EndGlobalSection
EndGlobal
